
Microsoft Visual Studio Solution File, Format Version 12.00
# Visual Studio Version 17
VisualStudioVersion = 17.0.32014.148
MinimumVisualStudioVersion = 10.0.40219.1
Project("{FAE04EC0-301F-11D3-BF4B-00C04F79EFBC}") = "Tomograph", "Tomograph\Tomograph.csproj", "{FF754B6F-79ED-413F-9679-A1F0044BC8C7}"
EndProject
Global
	GlobalSection(SolutionConfigurationPlatforms) = preSolution
		Debug|Any CPU = Debug|Any CPU
		Release|Any CPU = Release|Any CPU
	EndGlobalSection
	GlobalSection(ProjectConfigurationPlatforms) = postSolution
		{FF754B6F-79ED-413F-9679-A1F0044BC8C7}.Debug|Any CPU.ActiveCfg = Debug|Any CPU
		{FF754B6F-79ED-413F-9679-A1F0044BC8C7}.Debug|Any CPU.Build.0 = Debug|Any CPU
		{FF754B6F-79ED-413F-9679-A1F0044BC8C7}.Release|Any CPU.ActiveCfg = Release|Any CPU
		{FF754B6F-79ED-413F-9679-A1F0044BC8C7}.Release|Any CPU.Build.0 = Release|Any CPU
	EndGlobalSection
	GlobalSection(SolutionProperties) = preSolution
		HideSolutionNode = FALSE
	EndGlobalSection
	GlobalSection(ExtensibilityGlobals) = postSolution
		SolutionGuid = {6A733C64-F444-4B59-86D4-596C6EE726CB}
	EndGlobalSection
EndGlobal
